<?xml version="1.0" encoding="utf-8"?>
<Project ToolsVersion="4.0" xmlns="http://schemas.microsoft.com/developer/msbuild/2003">
  <ItemGroup>
    <Filter Include="Quelldateien">
      <UniqueIdentifier>{4FC737F1-C7A5-4376-A066-2A32D752A2FF}</UniqueIdentifier>
      <Extensions>cpp;c;cc;cxx;c++;cppm;ixx;def;odl;idl;hpj;bat;asm;asmx</Extensions>
    </Filter>
    <Filter Include="Headerdateien">
      <UniqueIdentifier>{93995380-89BD-4b04-88EB-625FBE52EBFB}</UniqueIdentifier>
      <Extensions>h;hh;hpp;hxx;h++;hm;inl;inc;ipp;xsd</Extensions>
    </Filter>
    <Filter Include="Ressourcendateien">
      <UniqueIdentifier>{67DA6AB6-F800-4c08-8B7A-83BB121AAD01}</UniqueIdentifier>
      <Extensions>rc;ico;cur;bmp;dlg;rc2;rct;bin;rgs;gif;jpg;jpeg;jpe;resx;tiff;tif;png;wav;mfcribbon-ms</Extensions>
    </Filter>
    <Filter Include="data">
      <UniqueIdentifier>{c3c9c5fc-0284-423d-9b2d-861f6037e12c}</UniqueIdentifier>
    </Filter>
    <Filter Include="data\genesis">
      <UniqueIdentifier>{9e876aa1-4007-4eb0-a04c-804cc422dd1e}</UniqueIdentifier>
    </Filter>
    <Filter Include="data\exodus">
      <UniqueIdentifier>{ea2e05ec-b9c5-464c-a5e9-db93d3a8c5a3}</UniqueIdentifier>
    </Filter>
    <Filter Include="data\leviticus">
      <UniqueIdentifier>{9494ed35-8011-481a-a329-f9b3bf25ae27}</UniqueIdentifier>
    </Filter>
    <Filter Include="data\numbers">
      <UniqueIdentifier>{87bba1f0-d9b5-4ffd-94e1-2cebd4d0c7c9}</UniqueIdentifier>
    </Filter>
    <Filter Include="data\deuteronomy">
      <UniqueIdentifier>{5231dddd-68a1-4928-9fd4-bd843b03afeb}</UniqueIdentifier>
    </Filter>
    <Filter Include="data\joshua">
      <UniqueIdentifier>{eb5ba381-549a-42f6-8222-646bca261408}</UniqueIdentifier>
    </Filter>
    <Filter Include="data\judges">
      <UniqueIdentifier>{81cd0ce3-27f0-4b2e-bd1a-8f45b5c7638e}</UniqueIdentifier>
    </Filter>
    <Filter Include="data\ruth">
      <UniqueIdentifier>{8b2a1b62-61dd-4060-9cea-f8d6d9f589c6}</UniqueIdentifier>
    </Filter>
    <Filter Include="data\samuel_1">
      <UniqueIdentifier>{e298ab9b-9a15-4838-89f2-5a5b2e59557e}</UniqueIdentifier>
    </Filter>
    <Filter Include="data\samuel_2">
      <UniqueIdentifier>{9d352590-9d7f-40ee-a34d-bcbd208abc91}</UniqueIdentifier>
    </Filter>
    <Filter Include="data\matthew">
      <UniqueIdentifier>{e8a28f44-eb39-41bb-8eec-242706262b3a}</UniqueIdentifier>
    </Filter>
    <Filter Include="data\mark">
      <UniqueIdentifier>{75ea293c-fbaf-48ac-a657-1de8b697cd4c}</UniqueIdentifier>
    </Filter>
    <Filter Include="data\luke">
      <UniqueIdentifier>{3fe77426-4b45-4126-9f9b-cc66398d03c5}</UniqueIdentifier>
    </Filter>
    <Filter Include="data\john">
      <UniqueIdentifier>{e11187bc-16f7-44a5-bd25-43d272f5396b}</UniqueIdentifier>
    </Filter>
    <Filter Include="data\acts">
      <UniqueIdentifier>{b3cda55a-8af0-4310-922a-811a30dda517}</UniqueIdentifier>
    </Filter>
  </ItemGroup>
  <ItemGroup>
    <ClInclude Include="Resource.h">
      <Filter>Headerdateien</Filter>
    </ClInclude>
    <ClInclude Include="main_wnd.h">
      <Filter>Headerdateien</Filter>
    </ClInclude>
    <ClInclude Include="platform.h">
      <Filter>Headerdateien</Filter>
    </ClInclude>
  </ItemGroup>
  <ItemGroup>
    <ResourceCompile Include="Bible-Arabic.rc">
      <Filter>Ressourcendateien</Filter>
    </ResourceCompile>
  </ItemGroup>
  <ItemGroup>
    <Image Include="small.ico">
      <Filter>Ressourcendateien</Filter>
    </Image>
    <Image Include="Bible-Arabic.ico">
      <Filter>Ressourcendateien</Filter>
    </Image>
  </ItemGroup>
  <ItemGroup>
    <ClCompile Include="main.c">
      <Filter>Quelldateien</Filter>
    </ClCompile>
    <ClCompile Include="main_wnd.c">
      <Filter>Quelldateien</Filter>
    </ClCompile>
    <ClCompile Include="main_wnd_ext.c">
      <Filter>Quelldateien</Filter>
    </ClCompile>
  </ItemGroup>
  <ItemGroup>
    <None Include="rt_manif.bin">
      <Filter>Ressourcendateien</Filter>
    </None>
    <None Include="..\data\matthew.sql">
      <Filter>data</Filter>
    </None>
    <None Include="..\data\mark.sql">
      <Filter>data</Filter>
    </None>
    <None Include="..\data\genesis.sql">
      <Filter>data</Filter>
    </None>
    <None Include="..\data\all.sql">
      <Filter>data</Filter>
    </None>
    <None Include="..\data\genesis\genesis_1.sql">
      <Filter>data\genesis</Filter>
    </None>
    <None Include="..\data\genesis\genesis_2.sql">
      <Filter>data\genesis</Filter>
    </None>
    <None Include="..\data\genesis\genesis_3.sql">
      <Filter>data\genesis</Filter>
    </None>
    <None Include="..\data\genesis\genesis_4.sql">
      <Filter>data\genesis</Filter>
    </None>
    <None Include="..\data\genesis\genesis_5.sql">
      <Filter>data\genesis</Filter>
    </None>
    <None Include="..\data\genesis\genesis_6.sql">
      <Filter>data\genesis</Filter>
    </None>
    <None Include="..\data\genesis\genesis_7.sql">
      <Filter>data\genesis</Filter>
    </None>
    <None Include="..\data\genesis\genesis_8.sql">
      <Filter>data\genesis</Filter>
    </None>
    <None Include="..\data\genesis\genesis_9.sql">
      <Filter>data\genesis</Filter>
    </None>
    <None Include="..\data\genesis\genesis_10.sql">
      <Filter>data\genesis</Filter>
    </None>
    <None Include="..\data\genesis\genesis_11.sql">
      <Filter>data\genesis</Filter>
    </None>
    <None Include="..\data\genesis\genesis_12.sql">
      <Filter>data\genesis</Filter>
    </None>
    <None Include="..\data\genesis\genesis_13.sql">
      <Filter>data\genesis</Filter>
    </None>
    <None Include="..\data\genesis\genesis_14.sql">
      <Filter>data\genesis</Filter>
    </None>
    <None Include="..\data\genesis\genesis_15.sql">
      <Filter>data\genesis</Filter>
    </None>
    <None Include="..\data\genesis\genesis_16.sql">
      <Filter>data\genesis</Filter>
    </None>
    <None Include="..\data\genesis\genesis_17.sql">
      <Filter>data\genesis</Filter>
    </None>
    <None Include="..\data\genesis\genesis_18.sql">
      <Filter>data\genesis</Filter>
    </None>
    <None Include="..\data\genesis\genesis_19.sql">
      <Filter>data\genesis</Filter>
    </None>
    <None Include="..\data\genesis\genesis_20.sql">
      <Filter>data\genesis</Filter>
    </None>
    <None Include="..\data\genesis\genesis_21.sql">
      <Filter>data\genesis</Filter>
    </None>
    <None Include="..\data\genesis\genesis_22.sql">
      <Filter>data\genesis</Filter>
    </None>
    <None Include="..\data\genesis\genesis_23.sql">
      <Filter>data\genesis</Filter>
    </None>
    <None Include="..\data\genesis\genesis_24.sql">
      <Filter>data\genesis</Filter>
    </None>
    <None Include="..\data\genesis\genesis_25.sql">
      <Filter>data\genesis</Filter>
    </None>
    <None Include="..\data\genesis\genesis_26.sql">
      <Filter>data\genesis</Filter>
    </None>
    <None Include="..\data\genesis\genesis_27.sql">
      <Filter>data\genesis</Filter>
    </None>
    <None Include="..\data\genesis\genesis_28.sql">
      <Filter>data\genesis</Filter>
    </None>
    <None Include="..\data\genesis\genesis_29.sql">
      <Filter>data\genesis</Filter>
    </None>
    <None Include="..\data\genesis\genesis_30.sql">
      <Filter>data\genesis</Filter>
    </None>
    <None Include="..\data\genesis\genesis_31.sql">
      <Filter>data\genesis</Filter>
    </None>
    <None Include="..\data\genesis\genesis_32.sql">
      <Filter>data\genesis</Filter>
    </None>
    <None Include="..\data\genesis\genesis_33.sql">
      <Filter>data\genesis</Filter>
    </None>
    <None Include="..\data\genesis\genesis_34.sql">
      <Filter>data\genesis</Filter>
    </None>
    <None Include="..\data\genesis\genesis_35.sql">
      <Filter>data\genesis</Filter>
    </None>
    <None Include="..\data\genesis\genesis_36.sql">
      <Filter>data\genesis</Filter>
    </None>
    <None Include="..\data\genesis\genesis_37.sql">
      <Filter>data\genesis</Filter>
    </None>
    <None Include="..\data\genesis\genesis_38.sql">
      <Filter>data\genesis</Filter>
    </None>
    <None Include="..\data\genesis\genesis_39.sql">
      <Filter>data\genesis</Filter>
    </None>
    <None Include="..\data\genesis\genesis_40.sql">
      <Filter>data\genesis</Filter>
    </None>
    <None Include="..\data\genesis\genesis_41.sql">
      <Filter>data\genesis</Filter>
    </None>
    <None Include="..\data\genesis\genesis_42.sql">
      <Filter>data\genesis</Filter>
    </None>
    <None Include="..\data\genesis\genesis_43.sql">
      <Filter>data\genesis</Filter>
    </None>
    <None Include="..\data\genesis\genesis_44.sql">
      <Filter>data\genesis</Filter>
    </None>
    <None Include="..\data\genesis\genesis_45.sql">
      <Filter>data\genesis</Filter>
    </None>
    <None Include="..\data\genesis\genesis_46.sql">
      <Filter>data\genesis</Filter>
    </None>
    <None Include="..\data\genesis\genesis_47.sql">
      <Filter>data\genesis</Filter>
    </None>
    <None Include="..\data\genesis\genesis_48.sql">
      <Filter>data\genesis</Filter>
    </None>
    <None Include="..\data\genesis\genesis_49.sql">
      <Filter>data\genesis</Filter>
    </None>
    <None Include="..\data\genesis\genesis_50.sql">
      <Filter>data\genesis</Filter>
    </None>
    <None Include="..\data\exodus.sql">
      <Filter>data</Filter>
    </None>
    <None Include="..\data\exodus\exodus_1.sql">
      <Filter>data\exodus</Filter>
    </None>
    <None Include="..\data\exodus\exodus_2.sql">
      <Filter>data\exodus</Filter>
    </None>
    <None Include="..\data\exodus\exodus_3.sql">
      <Filter>data\exodus</Filter>
    </None>
    <None Include="..\data\exodus\exodus_4.sql">
      <Filter>data\exodus</Filter>
    </None>
    <None Include="..\data\exodus\exodus_5.sql">
      <Filter>data\exodus</Filter>
    </None>
    <None Include="..\data\exodus\exodus_6.sql">
      <Filter>data\exodus</Filter>
    </None>
    <None Include="..\data\exodus\exodus_7.sql">
      <Filter>data\exodus</Filter>
    </None>
    <None Include="..\data\exodus\exodus_8.sql">
      <Filter>data\exodus</Filter>
    </None>
    <None Include="..\data\exodus\exodus_9.sql">
      <Filter>data\exodus</Filter>
    </None>
    <None Include="..\data\exodus\exodus_10.sql">
      <Filter>data\exodus</Filter>
    </None>
    <None Include="..\data\exodus\exodus_11.sql">
      <Filter>data\exodus</Filter>
    </None>
    <None Include="..\data\exodus\exodus_12.sql">
      <Filter>data\exodus</Filter>
    </None>
    <None Include="..\data\exodus\exodus_13.sql">
      <Filter>data\exodus</Filter>
    </None>
    <None Include="..\data\exodus\exodus_14.sql">
      <Filter>data\exodus</Filter>
    </None>
    <None Include="..\data\exodus\exodus_15.sql">
      <Filter>data\exodus</Filter>
    </None>
    <None Include="..\data\exodus\exodus_16.sql">
      <Filter>data\exodus</Filter>
    </None>
    <None Include="..\data\exodus\exodus_17.sql">
      <Filter>data\exodus</Filter>
    </None>
    <None Include="..\data\exodus\exodus_18.sql">
      <Filter>data\exodus</Filter>
    </None>
    <None Include="..\data\exodus\exodus_19.sql">
      <Filter>data\exodus</Filter>
    </None>
    <None Include="..\data\exodus\exodus_20.sql">
      <Filter>data\exodus</Filter>
    </None>
    <None Include="..\data\exodus\exodus_21.sql">
      <Filter>data\exodus</Filter>
    </None>
    <None Include="..\data\exodus\exodus_22.sql">
      <Filter>data\exodus</Filter>
    </None>
    <None Include="..\data\exodus\exodus_23.sql">
      <Filter>data\exodus</Filter>
    </None>
    <None Include="..\data\exodus\exodus_24.sql">
      <Filter>data\exodus</Filter>
    </None>
    <None Include="..\data\exodus\exodus_25.sql">
      <Filter>data\exodus</Filter>
    </None>
    <None Include="..\data\exodus\exodus_26.sql">
      <Filter>data\exodus</Filter>
    </None>
    <None Include="..\data\exodus\exodus_27.sql">
      <Filter>data\exodus</Filter>
    </None>
    <None Include="..\data\exodus\exodus_28.sql">
      <Filter>data\exodus</Filter>
    </None>
    <None Include="..\data\exodus\exodus_29.sql">
      <Filter>data\exodus</Filter>
    </None>
    <None Include="..\data\exodus\exodus_30.sql">
      <Filter>data\exodus</Filter>
    </None>
    <None Include="..\data\exodus\exodus_31.sql">
      <Filter>data\exodus</Filter>
    </None>
    <None Include="..\data\exodus\exodus_32.sql">
      <Filter>data\exodus</Filter>
    </None>
    <None Include="..\data\exodus\exodus_33.sql">
      <Filter>data\exodus</Filter>
    </None>
    <None Include="..\data\exodus\exodus_34.sql">
      <Filter>data\exodus</Filter>
    </None>
    <None Include="..\data\exodus\exodus_35.sql">
      <Filter>data\exodus</Filter>
    </None>
    <None Include="..\data\exodus\exodus_36.sql">
      <Filter>data\exodus</Filter>
    </None>
    <None Include="..\data\exodus\exodus_37.sql">
      <Filter>data\exodus</Filter>
    </None>
    <None Include="..\data\exodus\exodus_38.sql">
      <Filter>data\exodus</Filter>
    </None>
    <None Include="..\data\exodus\exodus_39.sql">
      <Filter>data\exodus</Filter>
    </None>
    <None Include="..\data\exodus\exodus_40.sql">
      <Filter>data\exodus</Filter>
    </None>
    <None Include="..\data\leviticus.sql">
      <Filter>data</Filter>
    </None>
    <None Include="..\data\leviticus\leviticus_1.sql">
      <Filter>data\leviticus</Filter>
    </None>
    <None Include="..\data\leviticus\leviticus_2.sql">
      <Filter>data\leviticus</Filter>
    </None>
    <None Include="..\data\leviticus\leviticus_3.sql">
      <Filter>data\leviticus</Filter>
    </None>
    <None Include="..\data\leviticus\leviticus_4.sql">
      <Filter>data\leviticus</Filter>
    </None>
    <None Include="..\data\leviticus\leviticus_5.sql">
      <Filter>data\leviticus</Filter>
    </None>
    <None Include="..\data\leviticus\leviticus_6.sql">
      <Filter>data\leviticus</Filter>
    </None>
    <None Include="..\data\leviticus\leviticus_7.sql">
      <Filter>data\leviticus</Filter>
    </None>
    <None Include="..\data\leviticus\leviticus_8.sql">
      <Filter>data\leviticus</Filter>
    </None>
    <None Include="..\data\leviticus\leviticus_9.sql">
      <Filter>data\leviticus</Filter>
    </None>
    <None Include="..\data\leviticus\leviticus_10.sql">
      <Filter>data\leviticus</Filter>
    </None>
    <None Include="..\data\leviticus\leviticus_11.sql">
      <Filter>data\leviticus</Filter>
    </None>
    <None Include="..\data\leviticus\leviticus_12.sql">
      <Filter>data\leviticus</Filter>
    </None>
    <None Include="..\data\leviticus\leviticus_13.sql">
      <Filter>data\leviticus</Filter>
    </None>
    <None Include="..\data\leviticus\leviticus_14.sql">
      <Filter>data\leviticus</Filter>
    </None>
    <None Include="..\data\leviticus\leviticus_15.sql">
      <Filter>data\leviticus</Filter>
    </None>
    <None Include="..\data\leviticus\leviticus_16.sql">
      <Filter>data\leviticus</Filter>
    </None>
    <None Include="..\data\leviticus\leviticus_17.sql">
      <Filter>data\leviticus</Filter>
    </None>
    <None Include="..\data\leviticus\leviticus_18.sql">
      <Filter>data\leviticus</Filter>
    </None>
    <None Include="..\data\leviticus\leviticus_19.sql">
      <Filter>data\leviticus</Filter>
    </None>
    <None Include="..\data\leviticus\leviticus_20.sql">
      <Filter>data\leviticus</Filter>
    </None>
    <None Include="..\data\leviticus\leviticus_21.sql">
      <Filter>data\leviticus</Filter>
    </None>
    <None Include="..\data\leviticus\leviticus_22.sql">
      <Filter>data\leviticus</Filter>
    </None>
    <None Include="..\data\leviticus\leviticus_23.sql">
      <Filter>data\leviticus</Filter>
    </None>
    <None Include="..\data\leviticus\leviticus_24.sql">
      <Filter>data\leviticus</Filter>
    </None>
    <None Include="..\data\leviticus\leviticus_25.sql">
      <Filter>data\leviticus</Filter>
    </None>
    <None Include="..\data\leviticus\leviticus_26.sql">
      <Filter>data\leviticus</Filter>
    </None>
    <None Include="..\data\leviticus\leviticus_27.sql">
      <Filter>data\leviticus</Filter>
    </None>
    <None Include="..\data\numbers.sql">
      <Filter>data</Filter>
    </None>
    <None Include="..\data\numbers\numbers_1.sql">
      <Filter>data\numbers</Filter>
    </None>
    <None Include="..\data\numbers\numbers_2.sql">
      <Filter>data\numbers</Filter>
    </None>
    <None Include="..\data\numbers\numbers_3.sql">
      <Filter>data\numbers</Filter>
    </None>
    <None Include="..\data\numbers\numbers_4.sql">
      <Filter>data\numbers</Filter>
    </None>
    <None Include="..\data\numbers\numbers_5.sql">
      <Filter>data\numbers</Filter>
    </None>
    <None Include="..\data\numbers\numbers_6.sql">
      <Filter>data\numbers</Filter>
    </None>
    <None Include="..\data\numbers\numbers_7.sql">
      <Filter>data\numbers</Filter>
    </None>
    <None Include="..\data\numbers\numbers_8.sql">
      <Filter>data\numbers</Filter>
    </None>
    <None Include="..\data\numbers\numbers_9.sql">
      <Filter>data\numbers</Filter>
    </None>
    <None Include="..\data\numbers\numbers_10.sql">
      <Filter>data\numbers</Filter>
    </None>
    <None Include="..\data\numbers\numbers_11.sql">
      <Filter>data\numbers</Filter>
    </None>
    <None Include="..\data\numbers\numbers_12.sql">
      <Filter>data\numbers</Filter>
    </None>
    <None Include="..\data\numbers\numbers_13.sql">
      <Filter>data\numbers</Filter>
    </None>
    <None Include="..\data\numbers\numbers_14.sql">
      <Filter>data\numbers</Filter>
    </None>
    <None Include="..\data\numbers\numbers_15.sql">
      <Filter>data\numbers</Filter>
    </None>
    <None Include="..\data\numbers\numbers_16.sql">
      <Filter>data\numbers</Filter>
    </None>
    <None Include="..\data\numbers\numbers_17.sql">
      <Filter>data\numbers</Filter>
    </None>
    <None Include="..\data\numbers\numbers_18.sql">
      <Filter>data\numbers</Filter>
    </None>
    <None Include="..\data\numbers\numbers_19.sql">
      <Filter>data\numbers</Filter>
    </None>
    <None Include="..\data\numbers\numbers_20.sql">
      <Filter>data\numbers</Filter>
    </None>
    <None Include="..\data\numbers\numbers_21.sql">
      <Filter>data\numbers</Filter>
    </None>
    <None Include="..\data\numbers\numbers_22.sql">
      <Filter>data\numbers</Filter>
    </None>
    <None Include="..\data\numbers\numbers_23.sql">
      <Filter>data\numbers</Filter>
    </None>
    <None Include="..\data\numbers\numbers_24.sql">
      <Filter>data\numbers</Filter>
    </None>
    <None Include="..\data\numbers\numbers_25.sql">
      <Filter>data\numbers</Filter>
    </None>
    <None Include="..\data\numbers\numbers_26.sql">
      <Filter>data\numbers</Filter>
    </None>
    <None Include="..\data\numbers\numbers_27.sql">
      <Filter>data\numbers</Filter>
    </None>
    <None Include="..\data\numbers\numbers_28.sql">
      <Filter>data\numbers</Filter>
    </None>
    <None Include="..\data\numbers\numbers_29.sql">
      <Filter>data\numbers</Filter>
    </None>
    <None Include="..\data\numbers\numbers_30.sql">
      <Filter>data\numbers</Filter>
    </None>
    <None Include="..\data\numbers\numbers_31.sql">
      <Filter>data\numbers</Filter>
    </None>
    <None Include="..\data\numbers\numbers_32.sql">
      <Filter>data\numbers</Filter>
    </None>
    <None Include="..\data\numbers\numbers_33.sql">
      <Filter>data\numbers</Filter>
    </None>
    <None Include="..\data\numbers\numbers_34.sql">
      <Filter>data\numbers</Filter>
    </None>
    <None Include="..\data\numbers\numbers_35.sql">
      <Filter>data\numbers</Filter>
    </None>
    <None Include="..\data\numbers\numbers_36.sql">
      <Filter>data\numbers</Filter>
    </None>
    <None Include="..\data\deuteronomy.sql">
      <Filter>data</Filter>
    </None>
    <None Include="..\data\joshua.sql">
      <Filter>data</Filter>
    </None>
    <None Include="..\data\joshua\joshua_1.sql">
      <Filter>data\joshua</Filter>
    </None>
    <None Include="..\data\joshua\joshua_2.sql">
      <Filter>data\joshua</Filter>
    </None>
    <None Include="..\data\joshua\joshua_3.sql">
      <Filter>data\joshua</Filter>
    </None>
    <None Include="..\data\joshua\joshua_4.sql">
      <Filter>data\joshua</Filter>
    </None>
    <None Include="..\data\joshua\joshua_5.sql">
      <Filter>data\joshua</Filter>
    </None>
    <None Include="..\data\joshua\joshua_6.sql">
      <Filter>data\joshua</Filter>
    </None>
    <None Include="..\data\joshua\joshua_7.sql">
      <Filter>data\joshua</Filter>
    </None>
    <None Include="..\data\joshua\joshua_8.sql">
      <Filter>data\joshua</Filter>
    </None>
    <None Include="..\data\joshua\joshua_9.sql">
      <Filter>data\joshua</Filter>
    </None>
    <None Include="..\data\joshua\joshua_10.sql">
      <Filter>data\joshua</Filter>
    </None>
    <None Include="..\data\joshua\joshua_11.sql">
      <Filter>data\joshua</Filter>
    </None>
    <None Include="..\data\joshua\joshua_12.sql">
      <Filter>data\joshua</Filter>
    </None>
    <None Include="..\data\joshua\joshua_13.sql">
      <Filter>data\joshua</Filter>
    </None>
    <None Include="..\data\joshua\joshua_14.sql">
      <Filter>data\joshua</Filter>
    </None>
    <None Include="..\data\joshua\joshua_15.sql">
      <Filter>data\joshua</Filter>
    </None>
    <None Include="..\data\joshua\joshua_16.sql">
      <Filter>data\joshua</Filter>
    </None>
    <None Include="..\data\joshua\joshua_17.sql">
      <Filter>data\joshua</Filter>
    </None>
    <None Include="..\data\joshua\joshua_18.sql">
      <Filter>data\joshua</Filter>
    </None>
    <None Include="..\data\joshua\joshua_19.sql">
      <Filter>data\joshua</Filter>
    </None>
    <None Include="..\data\joshua\joshua_20.sql">
      <Filter>data\joshua</Filter>
    </None>
    <None Include="..\data\joshua\joshua_21.sql">
      <Filter>data\joshua</Filter>
    </None>
    <None Include="..\data\joshua\joshua_22.sql">
      <Filter>data\joshua</Filter>
    </None>
    <None Include="..\data\joshua\joshua_23.sql">
      <Filter>data\joshua</Filter>
    </None>
    <None Include="..\data\joshua\joshua_24.sql">
      <Filter>data\joshua</Filter>
    </None>
    <None Include="..\data\judges.sql">
      <Filter>data</Filter>
    </None>
    <None Include="..\data\judges\judges_1.sql">
      <Filter>data\judges</Filter>
    </None>
    <None Include="..\data\judges\judges_2.sql">
      <Filter>data\judges</Filter>
    </None>
    <None Include="..\data\judges\judges_3.sql">
      <Filter>data\judges</Filter>
    </None>
    <None Include="..\data\judges\judges_4.sql">
      <Filter>data\judges</Filter>
    </None>
    <None Include="..\data\judges\judges_5.sql">
      <Filter>data\judges</Filter>
    </None>
    <None Include="..\data\judges\judges_6.sql">
      <Filter>data\judges</Filter>
    </None>
    <None Include="..\data\judges\judges_7.sql">
      <Filter>data\judges</Filter>
    </None>
    <None Include="..\data\judges\judges_8.sql">
      <Filter>data\judges</Filter>
    </None>
    <None Include="..\data\judges\judges_9.sql">
      <Filter>data\judges</Filter>
    </None>
    <None Include="..\data\judges\judges_10.sql">
      <Filter>data\judges</Filter>
    </None>
    <None Include="..\data\judges\judges_11.sql">
      <Filter>data\judges</Filter>
    </None>
    <None Include="..\data\judges\judges_12.sql">
      <Filter>data\judges</Filter>
    </None>
    <None Include="..\data\judges\judges_13.sql">
      <Filter>data\judges</Filter>
    </None>
    <None Include="..\data\judges\judges_14.sql">
      <Filter>data\judges</Filter>
    </None>
    <None Include="..\data\judges\judges_15.sql">
      <Filter>data\judges</Filter>
    </None>
    <None Include="..\data\judges\judges_16.sql">
      <Filter>data\judges</Filter>
    </None>
    <None Include="..\data\judges\judges_17.sql">
      <Filter>data\judges</Filter>
    </None>
    <None Include="..\data\judges\judges_18.sql">
      <Filter>data\judges</Filter>
    </None>
    <None Include="..\data\judges\judges_19.sql">
      <Filter>data\judges</Filter>
    </None>
    <None Include="..\data\judges\judges_20.sql">
      <Filter>data\judges</Filter>
    </None>
    <None Include="..\data\judges\judges_21.sql">
      <Filter>data\judges</Filter>
    </None>
    <None Include="..\data\ruth.sql">
      <Filter>data</Filter>
    </None>
    <None Include="..\data\ruth\ruth_1.sql">
      <Filter>data\ruth</Filter>
    </None>
    <None Include="..\data\ruth\ruth_2.sql">
      <Filter>data\ruth</Filter>
    </None>
    <None Include="..\data\ruth\ruth_3.sql">
      <Filter>data\ruth</Filter>
    </None>
    <None Include="..\data\ruth\ruth_4.sql">
      <Filter>data\ruth</Filter>
    </None>
    <None Include="..\data\samuel_1.sql">
      <Filter>data</Filter>
    </None>
    <None Include="..\data\samuel_1\samuel_1_1.sql">
      <Filter>data\samuel_1</Filter>
    </None>
    <None Include="..\data\samuel_1\samuel_1_2.sql">
      <Filter>data\samuel_1</Filter>
    </None>
    <None Include="..\data\samuel_1\samuel_1_3.sql">
      <Filter>data\samuel_1</Filter>
    </None>
    <None Include="..\data\samuel_1\samuel_1_4.sql">
      <Filter>data\samuel_1</Filter>
    </None>
    <None Include="..\data\samuel_1\samuel_1_5.sql">
      <Filter>data\samuel_1</Filter>
    </None>
    <None Include="..\data\samuel_1\samuel_1_6.sql">
      <Filter>data\samuel_1</Filter>
    </None>
    <None Include="..\data\samuel_1\samuel_1_7.sql">
      <Filter>data\samuel_1</Filter>
    </None>
    <None Include="..\data\samuel_1\samuel_1_8.sql">
      <Filter>data\samuel_1</Filter>
    </None>
    <None Include="..\data\samuel_1\samuel_1_9.sql">
      <Filter>data\samuel_1</Filter>
    </None>
    <None Include="..\data\samuel_1\samuel_1_10.sql">
      <Filter>data\samuel_1</Filter>
    </None>
    <None Include="..\data\samuel_1\samuel_1_11.sql">
      <Filter>data\samuel_1</Filter>
    </None>
    <None Include="..\data\samuel_1\samuel_1_12.sql">
      <Filter>data\samuel_1</Filter>
    </None>
    <None Include="..\data\samuel_1\samuel_1_13.sql">
      <Filter>data\samuel_1</Filter>
    </None>
    <None Include="..\data\samuel_1\samuel_1_14.sql">
      <Filter>data\samuel_1</Filter>
    </None>
    <None Include="..\data\samuel_1\samuel_1_15.sql">
      <Filter>data\samuel_1</Filter>
    </None>
    <None Include="..\data\samuel_1\samuel_1_16.sql">
      <Filter>data\samuel_1</Filter>
    </None>
    <None Include="..\data\samuel_1\samuel_1_17.sql">
      <Filter>data\samuel_1</Filter>
    </None>
    <None Include="..\data\samuel_1\samuel_1_18.sql">
      <Filter>data\samuel_1</Filter>
    </None>
    <None Include="..\data\samuel_1\samuel_1_19.sql">
      <Filter>data\samuel_1</Filter>
    </None>
    <None Include="..\data\samuel_1\samuel_1_20.sql">
      <Filter>data\samuel_1</Filter>
    </None>
    <None Include="..\data\samuel_1\samuel_1_21.sql">
      <Filter>data\samuel_1</Filter>
    </None>
    <None Include="..\data\samuel_1\samuel_1_22.sql">
      <Filter>data\samuel_1</Filter>
    </None>
    <None Include="..\data\samuel_1\samuel_1_23.sql">
      <Filter>data\samuel_1</Filter>
    </None>
    <None Include="..\data\samuel_1\samuel_1_24.sql">
      <Filter>data\samuel_1</Filter>
    </None>
    <None Include="..\data\samuel_1\samuel_1_25.sql">
      <Filter>data\samuel_1</Filter>
    </None>
    <None Include="..\data\samuel_1\samuel_1_26.sql">
      <Filter>data\samuel_1</Filter>
    </None>
    <None Include="..\data\samuel_1\samuel_1_27.sql">
      <Filter>data\samuel_1</Filter>
    </None>
    <None Include="..\data\samuel_1\samuel_1_28.sql">
      <Filter>data\samuel_1</Filter>
    </None>
    <None Include="..\data\samuel_1\samuel_1_29.sql">
      <Filter>data\samuel_1</Filter>
    </None>
    <None Include="..\data\samuel_1\samuel_1_30.sql">
      <Filter>data\samuel_1</Filter>
    </None>
    <None Include="..\data\samuel_1\samuel_1_31.sql">
      <Filter>data\samuel_1</Filter>
    </None>
    <None Include="..\data\samuel_2.sql">
      <Filter>data</Filter>
    </None>
    <None Include="..\data\samuel_2\samuel_2_1.sql">
      <Filter>data\samuel_2</Filter>
    </None>
    <None Include="..\data\samuel_2\samuel_2_2.sql">
      <Filter>data\samuel_2</Filter>
    </None>
    <None Include="..\data\samuel_2\samuel_2_3.sql">
      <Filter>data\samuel_2</Filter>
    </None>
    <None Include="..\data\samuel_2\samuel_2_4.sql">
      <Filter>data\samuel_2</Filter>
    </None>
    <None Include="..\data\samuel_2\samuel_2_5.sql">
      <Filter>data\samuel_2</Filter>
    </None>
    <None Include="..\data\samuel_2\samuel_2_6.sql">
      <Filter>data\samuel_2</Filter>
    </None>
    <None Include="..\data\samuel_2\samuel_2_7.sql">
      <Filter>data\samuel_2</Filter>
    </None>
    <None Include="..\data\samuel_2\samuel_2_8.sql">
      <Filter>data\samuel_2</Filter>
    </None>
    <None Include="..\data\samuel_2\samuel_2_9.sql">
      <Filter>data\samuel_2</Filter>
    </None>
    <None Include="..\data\samuel_2\samuel_2_10.sql">
      <Filter>data\samuel_2</Filter>
    </None>
    <None Include="..\data\samuel_2\samuel_2_11.sql">
      <Filter>data\samuel_2</Filter>
    </None>
    <None Include="..\data\samuel_2\samuel_2_12.sql">
      <Filter>data\samuel_2</Filter>
    </None>
    <None Include="..\data\samuel_2\samuel_2_13.sql">
      <Filter>data\samuel_2</Filter>
    </None>
    <None Include="..\data\samuel_2\samuel_2_14.sql">
      <Filter>data\samuel_2</Filter>
    </None>
    <None Include="..\data\samuel_2\samuel_2_15.sql">
      <Filter>data\samuel_2</Filter>
    </None>
    <None Include="..\data\samuel_2\samuel_2_16.sql">
      <Filter>data\samuel_2</Filter>
    </None>
    <None Include="..\data\samuel_2\samuel_2_17.sql">
      <Filter>data\samuel_2</Filter>
    </None>
    <None Include="..\data\samuel_2\samuel_2_18.sql">
      <Filter>data\samuel_2</Filter>
    </None>
    <None Include="..\data\samuel_2\samuel_2_19.sql">
      <Filter>data\samuel_2</Filter>
    </None>
    <None Include="..\data\samuel_2\samuel_2_20.sql">
      <Filter>data\samuel_2</Filter>
    </None>
    <None Include="..\data\samuel_2\samuel_2_21.sql">
      <Filter>data\samuel_2</Filter>
    </None>
    <None Include="..\data\samuel_2\samuel_2_22.sql">
      <Filter>data\samuel_2</Filter>
    </None>
    <None Include="..\data\samuel_2\samuel_2_23.sql">
      <Filter>data\samuel_2</Filter>
    </None>
    <None Include="..\data\samuel_2\samuel_2_24.sql">
      <Filter>data\samuel_2</Filter>
    </None>
    <None Include="..\data\matthew\matthew_1.sql">
      <Filter>data\matthew</Filter>
    </None>
    <None Include="..\data\matthew\matthew_2.sql">
      <Filter>data\matthew</Filter>
    </None>
    <None Include="..\data\matthew\matthew_3.sql">
      <Filter>data\matthew</Filter>
    </None>
    <None Include="..\data\matthew\matthew_4.sql">
      <Filter>data\matthew</Filter>
    </None>
    <None Include="..\data\matthew\matthew_5.sql">
      <Filter>data\matthew</Filter>
    </None>
    <None Include="..\data\matthew\matthew_6.sql">
      <Filter>data\matthew</Filter>
    </None>
    <None Include="..\data\matthew\matthew_7.sql">
      <Filter>data\matthew</Filter>
    </None>
    <None Include="..\data\matthew\matthew_8.sql">
      <Filter>data\matthew</Filter>
    </None>
    <None Include="..\data\matthew\matthew_9.sql">
      <Filter>data\matthew</Filter>
    </None>
    <None Include="..\data\matthew\matthew_10.sql">
      <Filter>data\matthew</Filter>
    </None>
    <None Include="..\data\matthew\matthew_11.sql">
      <Filter>data\matthew</Filter>
    </None>
    <None Include="..\data\matthew\matthew_12.sql">
      <Filter>data\matthew</Filter>
    </None>
    <None Include="..\data\matthew\matthew_13.sql">
      <Filter>data\matthew</Filter>
    </None>
    <None Include="..\data\matthew\matthew_14.sql">
      <Filter>data\matthew</Filter>
    </None>
    <None Include="..\data\matthew\matthew_15.sql">
      <Filter>data\matthew</Filter>
    </None>
    <None Include="..\data\matthew\matthew_16.sql">
      <Filter>data\matthew</Filter>
    </None>
    <None Include="..\data\matthew\matthew_17.sql">
      <Filter>data\matthew</Filter>
    </None>
    <None Include="..\data\matthew\matthew_18.sql">
      <Filter>data\matthew</Filter>
    </None>
    <None Include="..\data\matthew\matthew_19.sql">
      <Filter>data\matthew</Filter>
    </None>
    <None Include="..\data\matthew\matthew_20.sql">
      <Filter>data\matthew</Filter>
    </None>
    <None Include="..\data\matthew\matthew_21.sql">
      <Filter>data\matthew</Filter>
    </None>
    <None Include="..\data\matthew\matthew_22.sql">
      <Filter>data\matthew</Filter>
    </None>
    <None Include="..\data\matthew\matthew_23.sql">
      <Filter>data\matthew</Filter>
    </None>
    <None Include="..\data\matthew\matthew_24.sql">
      <Filter>data\matthew</Filter>
    </None>
    <None Include="..\data\matthew\matthew_25.sql">
      <Filter>data\matthew</Filter>
    </None>
    <None Include="..\data\matthew\matthew_26.sql">
      <Filter>data\matthew</Filter>
    </None>
    <None Include="..\data\matthew\matthew_27.sql">
      <Filter>data\matthew</Filter>
    </None>
    <None Include="..\data\matthew\matthew_28.sql">
      <Filter>data\matthew</Filter>
    </None>
    <None Include="..\data\mark\mark_1.sql">
      <Filter>data\mark</Filter>
    </None>
    <None Include="..\data\mark\mark_2.sql">
      <Filter>data\mark</Filter>
    </None>
    <None Include="..\data\mark\mark_3.sql">
      <Filter>data\mark</Filter>
    </None>
    <None Include="..\data\mark\mark_4.sql">
      <Filter>data\mark</Filter>
    </None>
    <None Include="..\data\mark\mark_5.sql">
      <Filter>data\mark</Filter>
    </None>
    <None Include="..\data\mark\mark_6.sql">
      <Filter>data\mark</Filter>
    </None>
    <None Include="..\data\mark\mark_7.sql">
      <Filter>data\mark</Filter>
    </None>
    <None Include="..\data\mark\mark_8.sql">
      <Filter>data\mark</Filter>
    </None>
    <None Include="..\data\mark\mark_9.sql">
      <Filter>data\mark</Filter>
    </None>
    <None Include="..\data\mark\mark_10.sql">
      <Filter>data\mark</Filter>
    </None>
    <None Include="..\data\mark\mark_11.sql">
      <Filter>data\mark</Filter>
    </None>
    <None Include="..\data\mark\mark_12.sql">
      <Filter>data\mark</Filter>
    </None>
    <None Include="..\data\mark\mark_13.sql">
      <Filter>data\mark</Filter>
    </None>
    <None Include="..\data\mark\mark_14.sql">
      <Filter>data\mark</Filter>
    </None>
    <None Include="..\data\mark\mark_15.sql">
      <Filter>data\mark</Filter>
    </None>
    <None Include="..\data\mark\mark_16.sql">
      <Filter>data\mark</Filter>
    </None>
    <None Include="..\data\luke.sql">
      <Filter>data</Filter>
    </None>
    <None Include="..\data\luke\luke_1.sql">
      <Filter>data\luke</Filter>
    </None>
    <None Include="..\data\luke\luke_2.sql">
      <Filter>data\luke</Filter>
    </None>
    <None Include="..\data\luke\luke_3.sql">
      <Filter>data\luke</Filter>
    </None>
    <None Include="..\data\luke\luke_4.sql">
      <Filter>data\luke</Filter>
    </None>
    <None Include="..\data\luke\luke_5.sql">
      <Filter>data\luke</Filter>
    </None>
    <None Include="..\data\luke\luke_6.sql">
      <Filter>data\luke</Filter>
    </None>
    <None Include="..\data\luke\luke_7.sql">
      <Filter>data\luke</Filter>
    </None>
    <None Include="..\data\luke\luke_8.sql">
      <Filter>data\luke</Filter>
    </None>
    <None Include="..\data\luke\luke_9.sql">
      <Filter>data\luke</Filter>
    </None>
    <None Include="..\data\luke\luke_10.sql">
      <Filter>data\luke</Filter>
    </None>
    <None Include="..\data\luke\luke_11.sql">
      <Filter>data\luke</Filter>
    </None>
    <None Include="..\data\luke\luke_12.sql">
      <Filter>data\luke</Filter>
    </None>
    <None Include="..\data\luke\luke_13.sql">
      <Filter>data\luke</Filter>
    </None>
    <None Include="..\data\luke\luke_14.sql">
      <Filter>data\luke</Filter>
    </None>
    <None Include="..\data\luke\luke_15.sql">
      <Filter>data\luke</Filter>
    </None>
    <None Include="..\data\luke\luke_16.sql">
      <Filter>data\luke</Filter>
    </None>
    <None Include="..\data\luke\luke_17.sql">
      <Filter>data\luke</Filter>
    </None>
    <None Include="..\data\luke\luke_18.sql">
      <Filter>data\luke</Filter>
    </None>
    <None Include="..\data\luke\luke_19.sql">
      <Filter>data\luke</Filter>
    </None>
    <None Include="..\data\luke\luke_20.sql">
      <Filter>data\luke</Filter>
    </None>
    <None Include="..\data\luke\luke_21.sql">
      <Filter>data\luke</Filter>
    </None>
    <None Include="..\data\luke\luke_22.sql">
      <Filter>data\luke</Filter>
    </None>
    <None Include="..\data\luke\luke_23.sql">
      <Filter>data\luke</Filter>
    </None>
    <None Include="..\data\luke\luke_24.sql">
      <Filter>data\luke</Filter>
    </None>
    <None Include="..\data\john.sql">
      <Filter>data</Filter>
    </None>
    <None Include="..\data\john\john_1.sql">
      <Filter>data\john</Filter>
    </None>
    <None Include="..\data\john\john_2.sql">
      <Filter>data\john</Filter>
    </None>
    <None Include="..\data\john\john_3.sql">
      <Filter>data\john</Filter>
    </None>
    <None Include="..\data\john\john_4.sql">
      <Filter>data\john</Filter>
    </None>
    <None Include="..\data\john\john_5.sql">
      <Filter>data\john</Filter>
    </None>
    <None Include="..\data\john\john_6.sql">
      <Filter>data\john</Filter>
    </None>
    <None Include="..\data\john\john_7.sql">
      <Filter>data\john</Filter>
    </None>
    <None Include="..\data\john\john_8.sql">
      <Filter>data\john</Filter>
    </None>
    <None Include="..\data\john\john_9.sql">
      <Filter>data\john</Filter>
    </None>
    <None Include="..\data\john\john_10.sql">
      <Filter>data\john</Filter>
    </None>
    <None Include="..\data\john\john_11.sql">
      <Filter>data\john</Filter>
    </None>
    <None Include="..\data\john\john_12.sql">
      <Filter>data\john</Filter>
    </None>
    <None Include="..\data\john\john_13.sql">
      <Filter>data\john</Filter>
    </None>
    <None Include="..\data\john\john_14.sql">
      <Filter>data\john</Filter>
    </None>
    <None Include="..\data\john\john_15.sql">
      <Filter>data\john</Filter>
    </None>
    <None Include="..\data\john\john_16.sql">
      <Filter>data\john</Filter>
    </None>
    <None Include="..\data\john\john_17.sql">
      <Filter>data\john</Filter>
    </None>
    <None Include="..\data\john\john_18.sql">
      <Filter>data\john</Filter>
    </None>
    <None Include="..\data\john\john_19.sql">
      <Filter>data\john</Filter>
    </None>
    <None Include="..\data\john\john_20.sql">
      <Filter>data\john</Filter>
    </None>
    <None Include="..\data\john\john_21.sql">
      <Filter>data\john</Filter>
    </None>
    <None Include="..\data\acts.sql">
      <Filter>data</Filter>
    </None>
    <None Include="..\data\acts\acts_1.sql">
      <Filter>data\acts</Filter>
    </None>
    <None Include="..\data\acts\acts_2.sql">
      <Filter>data\acts</Filter>
    </None>
    <None Include="..\data\acts\acts_3.sql">
      <Filter>data\acts</Filter>
    </None>
    <None Include="..\data\acts\acts_4.sql">
      <Filter>data\acts</Filter>
    </None>
    <None Include="..\data\acts\acts_5.sql">
      <Filter>data\acts</Filter>
    </None>
    <None Include="..\data\acts\acts_6.sql">
      <Filter>data\acts</Filter>
    </None>
    <None Include="..\data\acts\acts_7.sql">
      <Filter>data\acts</Filter>
    </None>
    <None Include="..\data\acts\acts_8.sql">
      <Filter>data\acts</Filter>
    </None>
    <None Include="..\data\acts\acts_9.sql">
      <Filter>data\acts</Filter>
    </None>
    <None Include="..\data\acts\acts_10.sql">
      <Filter>data\acts</Filter>
    </None>
    <None Include="..\data\acts\acts_11.sql">
      <Filter>data\acts</Filter>
    </None>
    <None Include="..\data\acts\acts_12.sql">
      <Filter>data\acts</Filter>
    </None>
    <None Include="..\data\acts\acts_13.sql">
      <Filter>data\acts</Filter>
    </None>
    <None Include="..\data\acts\acts_14.sql">
      <Filter>data\acts</Filter>
    </None>
    <None Include="..\data\acts\acts_15.sql">
      <Filter>data\acts</Filter>
    </None>
    <None Include="..\data\acts\acts_16.sql">
      <Filter>data\acts</Filter>
    </None>
    <None Include="..\data\acts\acts_17.sql">
      <Filter>data\acts</Filter>
    </None>
    <None Include="..\data\acts\acts_18.sql">
      <Filter>data\acts</Filter>
    </None>
    <None Include="..\data\acts\acts_19.sql">
      <Filter>data\acts</Filter>
    </None>
    <None Include="..\data\acts\acts_20.sql">
      <Filter>data\acts</Filter>
    </None>
    <None Include="..\data\acts\acts_21.sql">
      <Filter>data\acts</Filter>
    </None>
    <None Include="..\data\acts\acts_22.sql">
      <Filter>data\acts</Filter>
    </None>
    <None Include="..\data\acts\acts_23.sql">
      <Filter>data\acts</Filter>
    </None>
    <None Include="..\data\acts\acts_24.sql">
      <Filter>data\acts</Filter>
    </None>
    <None Include="..\data\acts\acts_25.sql">
      <Filter>data\acts</Filter>
    </None>
    <None Include="..\data\acts\acts_26.sql">
      <Filter>data\acts</Filter>
    </None>
    <None Include="..\data\acts\acts_27.sql">
      <Filter>data\acts</Filter>
    </None>
    <None Include="..\data\acts\acts_28.sql">
      <Filter>data\acts</Filter>
    </None>
  </ItemGroup>
</Project>