<?xml version="1.0" encoding="utf-8"?>
<Project ToolsVersion="4.0" xmlns="http://schemas.microsoft.com/developer/msbuild/2003">
  <ItemGroup>
    <Filter Include="Quelldateien">
      <UniqueIdentifier>{4FC737F1-C7A5-4376-A066-2A32D752A2FF}</UniqueIdentifier>
      <Extensions>cpp;c;cc;cxx;c++;cppm;ixx;def;odl;idl;hpj;bat;asm;asmx</Extensions>
    </Filter>
    <Filter Include="Headerdateien">
      <UniqueIdentifier>{93995380-89BD-4b04-88EB-625FBE52EBFB}</UniqueIdentifier>
      <Extensions>h;hh;hpp;hxx;h++;hm;inl;inc;ipp;xsd</Extensions>
    </Filter>
    <Filter Include="Ressourcendateien">
      <UniqueIdentifier>{67DA6AB6-F800-4c08-8B7A-83BB121AAD01}</UniqueIdentifier>
      <Extensions>rc;ico;cur;bmp;dlg;rc2;rct;bin;rgs;gif;jpg;jpeg;jpe;resx;tiff;tif;png;wav;mfcribbon-ms</Extensions>
    </Filter>
    <Filter Include="data">
      <UniqueIdentifier>{c3c9c5fc-0284-423d-9b2d-861f6037e12c}</UniqueIdentifier>
    </Filter>
    <Filter Include="data\genesis">
      <UniqueIdentifier>{9e876aa1-4007-4eb0-a04c-804cc422dd1e}</UniqueIdentifier>
    </Filter>
    <Filter Include="data\exodus">
      <UniqueIdentifier>{ea2e05ec-b9c5-464c-a5e9-db93d3a8c5a3}</UniqueIdentifier>
    </Filter>
  </ItemGroup>
  <ItemGroup>
    <ClInclude Include="Resource.h">
      <Filter>Headerdateien</Filter>
    </ClInclude>
    <ClInclude Include="main_wnd.h">
      <Filter>Headerdateien</Filter>
    </ClInclude>
    <ClInclude Include="platform.h">
      <Filter>Headerdateien</Filter>
    </ClInclude>
  </ItemGroup>
  <ItemGroup>
    <ResourceCompile Include="Bible-Arabic.rc">
      <Filter>Ressourcendateien</Filter>
    </ResourceCompile>
  </ItemGroup>
  <ItemGroup>
    <Image Include="small.ico">
      <Filter>Ressourcendateien</Filter>
    </Image>
    <Image Include="Bible-Arabic.ico">
      <Filter>Ressourcendateien</Filter>
    </Image>
  </ItemGroup>
  <ItemGroup>
    <ClCompile Include="main.c">
      <Filter>Quelldateien</Filter>
    </ClCompile>
    <ClCompile Include="main_wnd.c">
      <Filter>Quelldateien</Filter>
    </ClCompile>
    <ClCompile Include="main_wnd_ext.c">
      <Filter>Quelldateien</Filter>
    </ClCompile>
  </ItemGroup>
  <ItemGroup>
    <None Include="rt_manif.bin">
      <Filter>Ressourcendateien</Filter>
    </None>
    <None Include="..\data\matthew.sql">
      <Filter>data</Filter>
    </None>
    <None Include="..\data\mark.sql">
      <Filter>data</Filter>
    </None>
    <None Include="..\data\genesis.sql">
      <Filter>data</Filter>
    </None>
    <None Include="..\data\all.sql">
      <Filter>data</Filter>
    </None>
    <None Include="..\data\genesis\genesis_1.sql">
      <Filter>data\genesis</Filter>
    </None>
    <None Include="..\data\genesis\genesis_2.sql">
      <Filter>data\genesis</Filter>
    </None>
    <None Include="..\data\genesis\genesis_3.sql">
      <Filter>data\genesis</Filter>
    </None>
    <None Include="..\data\genesis\genesis_4.sql">
      <Filter>data\genesis</Filter>
    </None>
    <None Include="..\data\genesis\genesis_5.sql">
      <Filter>data\genesis</Filter>
    </None>
    <None Include="..\data\genesis\genesis_6.sql">
      <Filter>data\genesis</Filter>
    </None>
    <None Include="..\data\genesis\genesis_7.sql">
      <Filter>data\genesis</Filter>
    </None>
    <None Include="..\data\genesis\genesis_8.sql">
      <Filter>data\genesis</Filter>
    </None>
    <None Include="..\data\genesis\genesis_9.sql">
      <Filter>data\genesis</Filter>
    </None>
    <None Include="..\data\genesis\genesis_10.sql">
      <Filter>data\genesis</Filter>
    </None>
    <None Include="..\data\genesis\genesis_11.sql">
      <Filter>data\genesis</Filter>
    </None>
    <None Include="..\data\genesis\genesis_12.sql">
      <Filter>data\genesis</Filter>
    </None>
    <None Include="..\data\genesis\genesis_13.sql">
      <Filter>data\genesis</Filter>
    </None>
    <None Include="..\data\genesis\genesis_14.sql">
      <Filter>data\genesis</Filter>
    </None>
    <None Include="..\data\genesis\genesis_15.sql">
      <Filter>data\genesis</Filter>
    </None>
    <None Include="..\data\genesis\genesis_16.sql">
      <Filter>data\genesis</Filter>
    </None>
    <None Include="..\data\genesis\genesis_17.sql">
      <Filter>data\genesis</Filter>
    </None>
    <None Include="..\data\genesis\genesis_18.sql">
      <Filter>data\genesis</Filter>
    </None>
    <None Include="..\data\genesis\genesis_19.sql">
      <Filter>data\genesis</Filter>
    </None>
    <None Include="..\data\genesis\genesis_20.sql">
      <Filter>data\genesis</Filter>
    </None>
    <None Include="..\data\genesis\genesis_21.sql">
      <Filter>data\genesis</Filter>
    </None>
    <None Include="..\data\genesis\genesis_22.sql">
      <Filter>data\genesis</Filter>
    </None>
    <None Include="..\data\genesis\genesis_23.sql">
      <Filter>data\genesis</Filter>
    </None>
    <None Include="..\data\genesis\genesis_24.sql">
      <Filter>data\genesis</Filter>
    </None>
    <None Include="..\data\genesis\genesis_25.sql">
      <Filter>data\genesis</Filter>
    </None>
    <None Include="..\data\genesis\genesis_26.sql">
      <Filter>data\genesis</Filter>
    </None>
    <None Include="..\data\genesis\genesis_27.sql">
      <Filter>data\genesis</Filter>
    </None>
    <None Include="..\data\genesis\genesis_28.sql">
      <Filter>data\genesis</Filter>
    </None>
    <None Include="..\data\genesis\genesis_29.sql">
      <Filter>data\genesis</Filter>
    </None>
    <None Include="..\data\genesis\genesis_30.sql">
      <Filter>data\genesis</Filter>
    </None>
    <None Include="..\data\genesis\genesis_31.sql">
      <Filter>data\genesis</Filter>
    </None>
    <None Include="..\data\genesis\genesis_32.sql">
      <Filter>data\genesis</Filter>
    </None>
    <None Include="..\data\genesis\genesis_33.sql">
      <Filter>data\genesis</Filter>
    </None>
    <None Include="..\data\genesis\genesis_34.sql">
      <Filter>data\genesis</Filter>
    </None>
    <None Include="..\data\genesis\genesis_35.sql">
      <Filter>data\genesis</Filter>
    </None>
    <None Include="..\data\genesis\genesis_36.sql">
      <Filter>data\genesis</Filter>
    </None>
    <None Include="..\data\genesis\genesis_37.sql">
      <Filter>data\genesis</Filter>
    </None>
    <None Include="..\data\genesis\genesis_38.sql">
      <Filter>data\genesis</Filter>
    </None>
    <None Include="..\data\genesis\genesis_39.sql">
      <Filter>data\genesis</Filter>
    </None>
    <None Include="..\data\genesis\genesis_40.sql">
      <Filter>data\genesis</Filter>
    </None>
    <None Include="..\data\genesis\genesis_41.sql">
      <Filter>data\genesis</Filter>
    </None>
    <None Include="..\data\genesis\genesis_42.sql">
      <Filter>data\genesis</Filter>
    </None>
    <None Include="..\data\genesis\genesis_43.sql">
      <Filter>data\genesis</Filter>
    </None>
    <None Include="..\data\genesis\genesis_44.sql">
      <Filter>data\genesis</Filter>
    </None>
    <None Include="..\data\genesis\genesis_45.sql">
      <Filter>data\genesis</Filter>
    </None>
    <None Include="..\data\genesis\genesis_46.sql">
      <Filter>data\genesis</Filter>
    </None>
    <None Include="..\data\genesis\genesis_47.sql">
      <Filter>data\genesis</Filter>
    </None>
    <None Include="..\data\genesis\genesis_48.sql">
      <Filter>data\genesis</Filter>
    </None>
    <None Include="..\data\genesis\genesis_49.sql">
      <Filter>data\genesis</Filter>
    </None>
    <None Include="..\data\genesis\genesis_50.sql">
      <Filter>data\genesis</Filter>
    </None>
    <None Include="..\data\exodus.sql">
      <Filter>data</Filter>
    </None>
    <None Include="..\data\exodus\exodus_1.sql">
      <Filter>data\exodus</Filter>
    </None>
    <None Include="..\data\exodus\exodus_2.sql">
      <Filter>data\exodus</Filter>
    </None>
    <None Include="..\data\exodus\exodus_3.sql">
      <Filter>data\exodus</Filter>
    </None>
    <None Include="..\data\exodus\exodus_4.sql">
      <Filter>data\exodus</Filter>
    </None>
    <None Include="..\data\exodus\exodus_5.sql">
      <Filter>data\exodus</Filter>
    </None>
    <None Include="..\data\exodus\exodus_6.sql">
      <Filter>data\exodus</Filter>
    </None>
    <None Include="..\data\exodus\exodus_7.sql">
      <Filter>data\exodus</Filter>
    </None>
    <None Include="..\data\exodus\exodus_8.sql">
      <Filter>data\exodus</Filter>
    </None>
    <None Include="..\data\exodus\exodus_9.sql">
      <Filter>data\exodus</Filter>
    </None>
    <None Include="..\data\exodus\exodus_10.sql">
      <Filter>data\exodus</Filter>
    </None>
    <None Include="..\data\exodus\exodus_11.sql">
      <Filter>data\exodus</Filter>
    </None>
    <None Include="..\data\exodus\exodus_12.sql">
      <Filter>data\exodus</Filter>
    </None>
    <None Include="..\data\exodus\exodus_13.sql">
      <Filter>data\exodus</Filter>
    </None>
    <None Include="..\data\exodus\exodus_14.sql">
      <Filter>data\exodus</Filter>
    </None>
    <None Include="..\data\exodus\exodus_15.sql">
      <Filter>data\exodus</Filter>
    </None>
    <None Include="..\data\exodus\exodus_16.sql">
      <Filter>data\exodus</Filter>
    </None>
    <None Include="..\data\exodus\exodus_17.sql">
      <Filter>data\exodus</Filter>
    </None>
    <None Include="..\data\exodus\exodus_18.sql">
      <Filter>data\exodus</Filter>
    </None>
    <None Include="..\data\exodus\exodus_19.sql">
      <Filter>data\exodus</Filter>
    </None>
    <None Include="..\data\exodus\exodus_20.sql">
      <Filter>data\exodus</Filter>
    </None>
    <None Include="..\data\exodus\exodus_21.sql">
      <Filter>data\exodus</Filter>
    </None>
    <None Include="..\data\exodus\exodus_22.sql">
      <Filter>data\exodus</Filter>
    </None>
    <None Include="..\data\exodus\exodus_23.sql">
      <Filter>data\exodus</Filter>
    </None>
    <None Include="..\data\exodus\exodus_24.sql">
      <Filter>data\exodus</Filter>
    </None>
    <None Include="..\data\exodus\exodus_25.sql">
      <Filter>data\exodus</Filter>
    </None>
    <None Include="..\data\exodus\exodus_26.sql">
      <Filter>data\exodus</Filter>
    </None>
    <None Include="..\data\exodus\exodus_27.sql">
      <Filter>data\exodus</Filter>
    </None>
    <None Include="..\data\exodus\exodus_28.sql">
      <Filter>data\exodus</Filter>
    </None>
    <None Include="..\data\exodus\exodus_29.sql">
      <Filter>data\exodus</Filter>
    </None>
    <None Include="..\data\exodus\exodus_30.sql">
      <Filter>data\exodus</Filter>
    </None>
    <None Include="..\data\exodus\exodus_31.sql">
      <Filter>data\exodus</Filter>
    </None>
    <None Include="..\data\exodus\exodus_32.sql">
      <Filter>data\exodus</Filter>
    </None>
    <None Include="..\data\exodus\exodus_33.sql">
      <Filter>data\exodus</Filter>
    </None>
    <None Include="..\data\exodus\exodus_34.sql">
      <Filter>data\exodus</Filter>
    </None>
    <None Include="..\data\exodus\exodus_35.sql">
      <Filter>data\exodus</Filter>
    </None>
    <None Include="..\data\exodus\exodus_36.sql">
      <Filter>data\exodus</Filter>
    </None>
    <None Include="..\data\exodus\exodus_37.sql">
      <Filter>data\exodus</Filter>
    </None>
    <None Include="..\data\exodus\exodus_38.sql">
      <Filter>data\exodus</Filter>
    </None>
    <None Include="..\data\exodus\exodus_39.sql">
      <Filter>data\exodus</Filter>
    </None>
    <None Include="..\data\exodus\exodus_40.sql">
      <Filter>data\exodus</Filter>
    </None>
  </ItemGroup>
</Project>